
Microsoft Visual Studio Solution File, Format Version 12.00
# Visual Studio Version 16
VisualStudioVersion = 16.0.30907.101
MinimumVisualStudioVersion = 10.0.40219.1
Project("{FAE04EC0-301F-11D3-BF4B-00C04F79EFBC}") = "CameraSecurityAndroid.Android", "CameraSecurityAndroid\CameraSecurityAndroid.Android\CameraSecurityAndroid.Android.csproj", "{5A9DBD7F-69D8-415F-80BF-D2928B3D9111}"
EndProject
Project("{FAE04EC0-301F-11D3-BF4B-00C04F79EFBC}") = "CameraSecurityAndroid", "CameraSecurityAndroid\CameraSecurityAndroid\CameraSecurityAndroid.csproj", "{0292BED4-CE92-41E6-812C-7139AFAC26D7}"
EndProject
Global
	GlobalSection(SolutionConfigurationPlatforms) = preSolution
		Debug|Any CPU = Debug|Any CPU
		Release|Any CPU = Release|Any CPU
	EndGlobalSection
	GlobalSection(ProjectConfigurationPlatforms) = postSolution
		{5A9DBD7F-69D8-415F-80BF-D2928B3D9111}.Debug|Any CPU.ActiveCfg = Debug|Any CPU
		{5A9DBD7F-69D8-415F-80BF-D2928B3D9111}.Debug|Any CPU.Build.0 = Debug|Any CPU
		{5A9DBD7F-69D8-415F-80BF-D2928B3D9111}.Debug|Any CPU.Deploy.0 = Debug|Any CPU
		{5A9DBD7F-69D8-415F-80BF-D2928B3D9111}.Release|Any CPU.ActiveCfg = Release|Any CPU
		{5A9DBD7F-69D8-415F-80BF-D2928B3D9111}.Release|Any CPU.Build.0 = Release|Any CPU
		{5A9DBD7F-69D8-415F-80BF-D2928B3D9111}.Release|Any CPU.Deploy.0 = Release|Any CPU
		{0292BED4-CE92-41E6-812C-7139AFAC26D7}.Debug|Any CPU.ActiveCfg = Debug|Any CPU
		{0292BED4-CE92-41E6-812C-7139AFAC26D7}.Debug|Any CPU.Build.0 = Debug|Any CPU
		{0292BED4-CE92-41E6-812C-7139AFAC26D7}.Debug|Any CPU.Deploy.0 = Debug|Any CPU
		{0292BED4-CE92-41E6-812C-7139AFAC26D7}.Release|Any CPU.ActiveCfg = Release|Any CPU
		{0292BED4-CE92-41E6-812C-7139AFAC26D7}.Release|Any CPU.Build.0 = Release|Any CPU
		{0292BED4-CE92-41E6-812C-7139AFAC26D7}.Release|Any CPU.Deploy.0 = Release|Any CPU
	EndGlobalSection
	GlobalSection(SolutionProperties) = preSolution
		HideSolutionNode = FALSE
	EndGlobalSection
	GlobalSection(ExtensibilityGlobals) = postSolution
		SolutionGuid = {5530797A-0921-4457-8183-1C9F54A5D7D1}
	EndGlobalSection
EndGlobal
